
Microsoft Visual Studio Solution File, Format Version 12.00
# Visual Studio 15
Project("{FAE04EC0-301F-11D3-BF4B-00C04F79EFBC}") = "Assembly-CSharp-Editor", "Assembly-CSharp-Editor.csproj", "{C427C408-B9C0-F25C-FE4B-84166D16CCA4}"
EndProject
Project("{FAE04EC0-301F-11D3-BF4B-00C04F79EFBC}") = "Assembly-CSharp", "Assembly-CSharp.csproj", "{65E813D4-D1AA-F79C-ED3E-23545DAF49D9}"
EndProject
Global
	GlobalSection(SolutionConfigurationPlatforms) = preSolution
		Debug|Any CPU = Debug|Any CPU
		Release|Any CPU = Release|Any CPU
	EndGlobalSection
	GlobalSection(ProjectConfigurationPlatforms) = postSolution
		{C427C408-B9C0-F25C-FE4B-84166D16CCA4}.Debug|Any CPU.ActiveCfg = Debug|Any CPU
		{C427C408-B9C0-F25C-FE4B-84166D16CCA4}.Debug|Any CPU.Build.0 = Debug|Any CPU
		{C427C408-B9C0-F25C-FE4B-84166D16CCA4}.Release|Any CPU.ActiveCfg = Release|Any CPU
		{C427C408-B9C0-F25C-FE4B-84166D16CCA4}.Release|Any CPU.Build.0 = Release|Any CPU
		{65E813D4-D1AA-F79C-ED3E-23545DAF49D9}.Debug|Any CPU.ActiveCfg = Debug|Any CPU
		{65E813D4-D1AA-F79C-ED3E-23545DAF49D9}.Debug|Any CPU.Build.0 = Debug|Any CPU
		{65E813D4-D1AA-F79C-ED3E-23545DAF49D9}.Release|Any CPU.ActiveCfg = Release|Any CPU
		{65E813D4-D1AA-F79C-ED3E-23545DAF49D9}.Release|Any CPU.Build.0 = Release|Any CPU
	EndGlobalSection
	GlobalSection(SolutionProperties) = preSolution
		HideSolutionNode = FALSE
	EndGlobalSection
EndGlobal
